
Microsoft Visual Studio Solution File, Format Version 12.00
# Visual Studio Version 16
VisualStudioVersion = 16.0.810.19
MinimumVisualStudioVersion = 10.0.40219.1
Project("{FAE04EC0-301F-11D3-BF4B-00C04F79EFBC}") = "RPGParte2", "RPGParte2\RPGParte2.csproj", "{C25D891B-313B-43A6-AC6A-C8E8C83D0DD1}"
EndProject
Global
	GlobalSection(SolutionConfigurationPlatforms) = preSolution
		Debug|Any CPU = Debug|Any CPU
		Release|Any CPU = Release|Any CPU
	EndGlobalSection
	GlobalSection(ProjectConfigurationPlatforms) = postSolution
		{C25D891B-313B-43A6-AC6A-C8E8C83D0DD1}.Debug|Any CPU.ActiveCfg = Debug|Any CPU
		{C25D891B-313B-43A6-AC6A-C8E8C83D0DD1}.Debug|Any CPU.Build.0 = Debug|Any CPU
		{C25D891B-313B-43A6-AC6A-C8E8C83D0DD1}.Release|Any CPU.ActiveCfg = Release|Any CPU
		{C25D891B-313B-43A6-AC6A-C8E8C83D0DD1}.Release|Any CPU.Build.0 = Release|Any CPU
	EndGlobalSection
	GlobalSection(SolutionProperties) = preSolution
		HideSolutionNode = FALSE
	EndGlobalSection
	GlobalSection(ExtensibilityGlobals) = postSolution
		SolutionGuid = {528336C9-4B25-4891-B819-DEF1871FA11C}
	EndGlobalSection
EndGlobal
